
Microsoft Visual Studio Solution File, Format Version 12.00
# Visual Studio 15
VisualStudioVersion = 15.0.28307.1525
MinimumVisualStudioVersion = 10.0.40219.1
Project("{FAE04EC0-301F-11D3-BF4B-00C04F79EFBC}") = "DataAccess", "DataAccess\DataAccess.csproj", "{01D514A2-F606-4070-8CB3-F2FD1AEBDB4A}"
EndProject
Project("{FAE04EC0-301F-11D3-BF4B-00C04F79EFBC}") = "VISApp", "VISApp\VISApp.csproj", "{026A4915-871E-4825-8CE5-132651E94859}"
EndProject
Global
	GlobalSection(SolutionConfigurationPlatforms) = preSolution
		Debug|Any CPU = Debug|Any CPU
		Release|Any CPU = Release|Any CPU
	EndGlobalSection
	GlobalSection(ProjectConfigurationPlatforms) = postSolution
		{01D514A2-F606-4070-8CB3-F2FD1AEBDB4A}.Debug|Any CPU.ActiveCfg = Debug|Any CPU
		{01D514A2-F606-4070-8CB3-F2FD1AEBDB4A}.Debug|Any CPU.Build.0 = Debug|Any CPU
		{01D514A2-F606-4070-8CB3-F2FD1AEBDB4A}.Release|Any CPU.ActiveCfg = Release|Any CPU
		{01D514A2-F606-4070-8CB3-F2FD1AEBDB4A}.Release|Any CPU.Build.0 = Release|Any CPU
		{026A4915-871E-4825-8CE5-132651E94859}.Debug|Any CPU.ActiveCfg = Debug|Any CPU
		{026A4915-871E-4825-8CE5-132651E94859}.Debug|Any CPU.Build.0 = Debug|Any CPU
		{026A4915-871E-4825-8CE5-132651E94859}.Release|Any CPU.ActiveCfg = Release|Any CPU
		{026A4915-871E-4825-8CE5-132651E94859}.Release|Any CPU.Build.0 = Release|Any CPU
	EndGlobalSection
	GlobalSection(SolutionProperties) = preSolution
		HideSolutionNode = FALSE
	EndGlobalSection
	GlobalSection(ExtensibilityGlobals) = postSolution
		SolutionGuid = {82F2C0D7-BA43-40FD-BA33-DEF2A918AED6}
	EndGlobalSection
EndGlobal
